
Microsoft Visual Studio Solution File, Format Version 12.00
# Visual Studio 15
VisualStudioVersion = 15.0.27428.2043
MinimumVisualStudioVersion = 10.0.40219.1
Project("{FAE04EC0-301F-11D3-BF4B-00C04F79EFBC}") = "ReimplementingLinq", "ReimplementingLinq\ReimplementingLinq.csproj", "{6A985B21-780F-42D8-B509-6B4A958810E8}"
EndProject
Project("{FAE04EC0-301F-11D3-BF4B-00C04F79EFBC}") = "UnitTests", "UnitTests\UnitTests.csproj", "{F24C95B5-E2A7-4D77-866A-B77E1C2CA75A}"
EndProject
Global
	GlobalSection(SolutionConfigurationPlatforms) = preSolution
		Debug|Any CPU = Debug|Any CPU
		Release|Any CPU = Release|Any CPU
	EndGlobalSection
	GlobalSection(ProjectConfigurationPlatforms) = postSolution
		{6A985B21-780F-42D8-B509-6B4A958810E8}.Debug|Any CPU.ActiveCfg = Debug|Any CPU
		{6A985B21-780F-42D8-B509-6B4A958810E8}.Debug|Any CPU.Build.0 = Debug|Any CPU
		{6A985B21-780F-42D8-B509-6B4A958810E8}.Release|Any CPU.ActiveCfg = Release|Any CPU
		{6A985B21-780F-42D8-B509-6B4A958810E8}.Release|Any CPU.Build.0 = Release|Any CPU
		{F24C95B5-E2A7-4D77-866A-B77E1C2CA75A}.Debug|Any CPU.ActiveCfg = Debug|Any CPU
		{F24C95B5-E2A7-4D77-866A-B77E1C2CA75A}.Debug|Any CPU.Build.0 = Debug|Any CPU
		{F24C95B5-E2A7-4D77-866A-B77E1C2CA75A}.Release|Any CPU.ActiveCfg = Release|Any CPU
		{F24C95B5-E2A7-4D77-866A-B77E1C2CA75A}.Release|Any CPU.Build.0 = Release|Any CPU
	EndGlobalSection
	GlobalSection(SolutionProperties) = preSolution
		HideSolutionNode = FALSE
	EndGlobalSection
	GlobalSection(ExtensibilityGlobals) = postSolution
		SolutionGuid = {E0623DE1-B4D6-41BE-B52D-F06F205A39E4}
	EndGlobalSection
EndGlobal
